
Microsoft Visual Studio Solution File, Format Version 12.00
# Visual Studio Version 16
VisualStudioVersion = 16.0.30804.86
MinimumVisualStudioVersion = 10.0.40219.1
Project("{9A19103F-16F7-4668-BE54-9A1E7A4F7556}") = "APPTESTE", "APPTESTE.csproj", "{106844E4-D0DA-4C63-84D2-FD163035D788}"
EndProject
Project("{FAE04EC0-301F-11D3-BF4B-00C04F79EFBC}") = "SWGAPI", "..\SWGAPI\SWGAPI.csproj", "{5B2BAC2B-5FCC-4284-BF9E-A65122649CB8}"
EndProject
Global
	GlobalSection(SolutionConfigurationPlatforms) = preSolution
		Debug|Any CPU = Debug|Any CPU
		Release|Any CPU = Release|Any CPU
	EndGlobalSection
	GlobalSection(ProjectConfigurationPlatforms) = postSolution
		{106844E4-D0DA-4C63-84D2-FD163035D788}.Debug|Any CPU.ActiveCfg = Debug|Any CPU
		{106844E4-D0DA-4C63-84D2-FD163035D788}.Debug|Any CPU.Build.0 = Debug|Any CPU
		{106844E4-D0DA-4C63-84D2-FD163035D788}.Release|Any CPU.ActiveCfg = Release|Any CPU
		{106844E4-D0DA-4C63-84D2-FD163035D788}.Release|Any CPU.Build.0 = Release|Any CPU
		{5B2BAC2B-5FCC-4284-BF9E-A65122649CB8}.Debug|Any CPU.ActiveCfg = Debug|Any CPU
		{5B2BAC2B-5FCC-4284-BF9E-A65122649CB8}.Debug|Any CPU.Build.0 = Debug|Any CPU
		{5B2BAC2B-5FCC-4284-BF9E-A65122649CB8}.Release|Any CPU.ActiveCfg = Release|Any CPU
		{5B2BAC2B-5FCC-4284-BF9E-A65122649CB8}.Release|Any CPU.Build.0 = Release|Any CPU
	EndGlobalSection
	GlobalSection(SolutionProperties) = preSolution
		HideSolutionNode = FALSE
	EndGlobalSection
	GlobalSection(ExtensibilityGlobals) = postSolution
		SolutionGuid = {5E6C5D14-FFE7-4BA2-B943-69F5359AA60A}
	EndGlobalSection
EndGlobal
